
Microsoft Visual Studio Solution File, Format Version 12.00
# Visual Studio Version 17
VisualStudioVersion = 17.14.36310.24
MinimumVisualStudioVersion = 10.0.40219.1
Project("{FAE04EC0-301F-11D3-BF4B-00C04F79EFBC}") = "Wiretap", "Wiretap.csproj", "{0F827E3E-1C36-4D33-956F-C2F90CACB043}"
EndProject
Global
	GlobalSection(SolutionConfigurationPlatforms) = preSolution
		Debug|x64 = Debug|x64
		Release|x64 = Release|x64
	EndGlobalSection
	GlobalSection(ProjectConfigurationPlatforms) = postSolution
		{0F827E3E-1C36-4D33-956F-C2F90CACB043}.Debug|x64.ActiveCfg = Debug|x64
		{0F827E3E-1C36-4D33-956F-C2F90CACB043}.Debug|x64.Build.0 = Debug|x64
		{0F827E3E-1C36-4D33-956F-C2F90CACB043}.Debug|x64.Deploy.0 = Debug|x64
		{0F827E3E-1C36-4D33-956F-C2F90CACB043}.Release|x64.ActiveCfg = Release|x64
		{0F827E3E-1C36-4D33-956F-C2F90CACB043}.Release|x64.Build.0 = Release|x64
		{0F827E3E-1C36-4D33-956F-C2F90CACB043}.Release|x64.Deploy.0 = Release|x64
	EndGlobalSection
	GlobalSection(SolutionProperties) = preSolution
		HideSolutionNode = FALSE
	EndGlobalSection
	GlobalSection(ExtensibilityGlobals) = postSolution
		SolutionGuid = {C65CD8C5-DAA5-4531-A1E0-E953516378A2}
	EndGlobalSection
EndGlobal
